
Microsoft Visual Studio Solution File, Format Version 12.00
# Visual Studio Version 17
VisualStudioVersion = 17.8.34525.116
MinimumVisualStudioVersion = 10.0.40219.1
Project("{FAE04EC0-301F-11D3-BF4B-00C04F79EFBC}") = "MiravilGuessingWord", "MiravilGuessingWord\MiravilGuessingWord.csproj", "{1B8B5519-1CBE-416B-9BF1-97C86888AF55}"
EndProject
Global
	GlobalSection(SolutionConfigurationPlatforms) = preSolution
		Debug|Any CPU = Debug|Any CPU
		Release|Any CPU = Release|Any CPU
	EndGlobalSection
	GlobalSection(ProjectConfigurationPlatforms) = postSolution
		{1B8B5519-1CBE-416B-9BF1-97C86888AF55}.Debug|Any CPU.ActiveCfg = Debug|Any CPU
		{1B8B5519-1CBE-416B-9BF1-97C86888AF55}.Debug|Any CPU.Build.0 = Debug|Any CPU
		{1B8B5519-1CBE-416B-9BF1-97C86888AF55}.Release|Any CPU.ActiveCfg = Release|Any CPU
		{1B8B5519-1CBE-416B-9BF1-97C86888AF55}.Release|Any CPU.Build.0 = Release|Any CPU
	EndGlobalSection
	GlobalSection(SolutionProperties) = preSolution
		HideSolutionNode = FALSE
	EndGlobalSection
	GlobalSection(ExtensibilityGlobals) = postSolution
		SolutionGuid = {6669FC20-4BB0-4123-9D8E-6437F728A21C}
	EndGlobalSection
EndGlobal
